
Microsoft Visual Studio Solution File, Format Version 12.00
# Visual Studio 2012
Project("{FAE04EC0-301F-11D3-BF4B-00C04F79EFBC}") = "roludo", "roludo\roludo.csproj", "{233179B1-A9F7-4870-B6F0-B1CDF83490F7}"
EndProject
Global
	GlobalSection(SolutionConfigurationPlatforms) = preSolution
		Debug|x86 = Debug|x86
		Release|x86 = Release|x86
	EndGlobalSection
	GlobalSection(ProjectConfigurationPlatforms) = postSolution
		{233179B1-A9F7-4870-B6F0-B1CDF83490F7}.Debug|x86.ActiveCfg = Debug|x86
		{233179B1-A9F7-4870-B6F0-B1CDF83490F7}.Debug|x86.Build.0 = Debug|x86
		{233179B1-A9F7-4870-B6F0-B1CDF83490F7}.Release|x86.ActiveCfg = Release|x86
		{233179B1-A9F7-4870-B6F0-B1CDF83490F7}.Release|x86.Build.0 = Release|x86
	EndGlobalSection
EndGlobal
